
Microsoft Visual Studio Solution File, Format Version 12.00
# Visual Studio Version 16
VisualStudioVersion = 16.0.30804.86
MinimumVisualStudioVersion = 10.0.40219.1
Project("{FAE04EC0-301F-11D3-BF4B-00C04F79EFBC}") = "App_Code", "App_Code\App_Code.csproj", "{2F010AA9-7BDC-4405-96F1-5C2ED3F7BFB4}"
EndProject
Global
	GlobalSection(SolutionConfigurationPlatforms) = preSolution
		Debug|Any CPU = Debug|Any CPU
		Release|Any CPU = Release|Any CPU
	EndGlobalSection
	GlobalSection(ProjectConfigurationPlatforms) = postSolution
		{2F010AA9-7BDC-4405-96F1-5C2ED3F7BFB4}.Debug|Any CPU.ActiveCfg = Debug|Any CPU
		{2F010AA9-7BDC-4405-96F1-5C2ED3F7BFB4}.Debug|Any CPU.Build.0 = Debug|Any CPU
		{2F010AA9-7BDC-4405-96F1-5C2ED3F7BFB4}.Release|Any CPU.ActiveCfg = Release|Any CPU
		{2F010AA9-7BDC-4405-96F1-5C2ED3F7BFB4}.Release|Any CPU.Build.0 = Release|Any CPU
	EndGlobalSection
	GlobalSection(SolutionProperties) = preSolution
		HideSolutionNode = FALSE
	EndGlobalSection
	GlobalSection(ExtensibilityGlobals) = postSolution
		SolutionGuid = {A4B482E5-74A9-4A8E-A5FD-54BB9A4469F7}
	EndGlobalSection
EndGlobal
